
Microsoft Visual Studio Solution File, Format Version 12.00
# Visual Studio Version 17
VisualStudioVersion = 17.14.36310.24 d17.14
MinimumVisualStudioVersion = 10.0.40219.1
Project("{FAE04EC0-301F-11D3-BF4B-00C04F79EFBC}") = "AULA 1", "AULA 1.csproj", "{71343D8C-FB9B-4A72-B8BF-40948DE3FC86}"
EndProject
Global
	GlobalSection(SolutionConfigurationPlatforms) = preSolution
		Debug|Any CPU = Debug|Any CPU
		Release|Any CPU = Release|Any CPU
	EndGlobalSection
	GlobalSection(ProjectConfigurationPlatforms) = postSolution
		{71343D8C-FB9B-4A72-B8BF-40948DE3FC86}.Debug|Any CPU.ActiveCfg = Debug|Any CPU
		{71343D8C-FB9B-4A72-B8BF-40948DE3FC86}.Debug|Any CPU.Build.0 = Debug|Any CPU
		{71343D8C-FB9B-4A72-B8BF-40948DE3FC86}.Release|Any CPU.ActiveCfg = Release|Any CPU
		{71343D8C-FB9B-4A72-B8BF-40948DE3FC86}.Release|Any CPU.Build.0 = Release|Any CPU
	EndGlobalSection
	GlobalSection(SolutionProperties) = preSolution
		HideSolutionNode = FALSE
	EndGlobalSection
	GlobalSection(ExtensibilityGlobals) = postSolution
		SolutionGuid = {398661B2-54C1-42E6-9FD5-19E892678E8B}
	EndGlobalSection
EndGlobal
